
Microsoft Visual Studio Solution File, Format Version 12.00
# Visual Studio 15
Project("{FAE04EC0-301F-11D3-BF4B-00C04F79EFBC}") = "PhotonChat", "PhotonChat.csproj", "{A138F211-C3D3-B35A-AE23-85BA8B2AF073}"
EndProject
Project("{FAE04EC0-301F-11D3-BF4B-00C04F79EFBC}") = "PhotonUnityNetworking.Demos", "PhotonUnityNetworking.Demos.csproj", "{BEA77B9A-7071-B1A4-C97E-9B6908132E5E}"
EndProject
Project("{FAE04EC0-301F-11D3-BF4B-00C04F79EFBC}") = "Assembly-CSharp", "Assembly-CSharp.csproj", "{64127CDB-F479-33CA-6597-280EA70FD096}"
EndProject
Project("{FAE04EC0-301F-11D3-BF4B-00C04F79EFBC}") = "PhotonRealtime", "PhotonRealtime.csproj", "{86AE5753-8314-4064-E595-3657FECE71D9}"
EndProject
Project("{FAE04EC0-301F-11D3-BF4B-00C04F79EFBC}") = "PhotonUnityNetworking.Editor", "PhotonUnityNetworking.Editor.csproj", "{6655C638-5F4C-9FB9-FA6C-B931912E9FD6}"
EndProject
Project("{FAE04EC0-301F-11D3-BF4B-00C04F79EFBC}") = "PhotonUnityNetworking", "PhotonUnityNetworking.csproj", "{901571C0-2F90-1A40-C70B-8EF3ADA56F42}"
EndProject
Project("{FAE04EC0-301F-11D3-BF4B-00C04F79EFBC}") = "PhotonUnityNetworking.Utilities.PhotonPlayer.Editor", "PhotonUnityNetworking.Utilities.PhotonPlayer.Editor.csproj", "{16DB8341-6264-98A1-0ABA-4D61BEEBDBE7}"
EndProject
Project("{FAE04EC0-301F-11D3-BF4B-00C04F79EFBC}") = "PhotonUnityNetworking.Utilities", "PhotonUnityNetworking.Utilities.csproj", "{F8363DD9-02DA-0766-FC85-8FD3EE575B22}"
EndProject
Project("{FAE04EC0-301F-11D3-BF4B-00C04F79EFBC}") = "PunDemos.DemoSlotcarEditor", "PunDemos.DemoSlotcarEditor.csproj", "{7B6D729F-14D3-18A8-08C1-FDEB6B605ABE}"
EndProject
Project("{FAE04EC0-301F-11D3-BF4B-00C04F79EFBC}") = "PhotonUnityNetworking.Utilities.Culling.Editor", "PhotonUnityNetworking.Utilities.Culling.Editor.csproj", "{33374E2B-D8C1-A55B-AE9F-8DCE0DD66C3A}"
EndProject
Project("{FAE04EC0-301F-11D3-BF4B-00C04F79EFBC}") = "PunDemos.DemoHubEditor", "PunDemos.DemoHubEditor.csproj", "{E3CBADCA-9A62-D173-B9CD-3A7BFC788D60}"
EndProject
Project("{FAE04EC0-301F-11D3-BF4B-00C04F79EFBC}") = "Assembly-CSharp-Editor", "Assembly-CSharp-Editor.csproj", "{A6B7BAAF-FE73-3E73-B8DF-E352CB43FE74}"
EndProject
Global
	GlobalSection(SolutionConfigurationPlatforms) = preSolution
		Debug|Any CPU = Debug|Any CPU
		Release|Any CPU = Release|Any CPU
	EndGlobalSection
	GlobalSection(ProjectConfigurationPlatforms) = postSolution
		{A138F211-C3D3-B35A-AE23-85BA8B2AF073}.Debug|Any CPU.ActiveCfg = Debug|Any CPU
		{A138F211-C3D3-B35A-AE23-85BA8B2AF073}.Debug|Any CPU.Build.0 = Debug|Any CPU
		{A138F211-C3D3-B35A-AE23-85BA8B2AF073}.Release|Any CPU.ActiveCfg = Release|Any CPU
		{A138F211-C3D3-B35A-AE23-85BA8B2AF073}.Release|Any CPU.Build.0 = Release|Any CPU
		{BEA77B9A-7071-B1A4-C97E-9B6908132E5E}.Debug|Any CPU.ActiveCfg = Debug|Any CPU
		{BEA77B9A-7071-B1A4-C97E-9B6908132E5E}.Debug|Any CPU.Build.0 = Debug|Any CPU
		{BEA77B9A-7071-B1A4-C97E-9B6908132E5E}.Release|Any CPU.ActiveCfg = Release|Any CPU
		{BEA77B9A-7071-B1A4-C97E-9B6908132E5E}.Release|Any CPU.Build.0 = Release|Any CPU
		{64127CDB-F479-33CA-6597-280EA70FD096}.Debug|Any CPU.ActiveCfg = Debug|Any CPU
		{64127CDB-F479-33CA-6597-280EA70FD096}.Debug|Any CPU.Build.0 = Debug|Any CPU
		{64127CDB-F479-33CA-6597-280EA70FD096}.Release|Any CPU.ActiveCfg = Release|Any CPU
		{64127CDB-F479-33CA-6597-280EA70FD096}.Release|Any CPU.Build.0 = Release|Any CPU
		{86AE5753-8314-4064-E595-3657FECE71D9}.Debug|Any CPU.ActiveCfg = Debug|Any CPU
		{86AE5753-8314-4064-E595-3657FECE71D9}.Debug|Any CPU.Build.0 = Debug|Any CPU
		{86AE5753-8314-4064-E595-3657FECE71D9}.Release|Any CPU.ActiveCfg = Release|Any CPU
		{86AE5753-8314-4064-E595-3657FECE71D9}.Release|Any CPU.Build.0 = Release|Any CPU
		{6655C638-5F4C-9FB9-FA6C-B931912E9FD6}.Debug|Any CPU.ActiveCfg = Debug|Any CPU
		{6655C638-5F4C-9FB9-FA6C-B931912E9FD6}.Debug|Any CPU.Build.0 = Debug|Any CPU
		{6655C638-5F4C-9FB9-FA6C-B931912E9FD6}.Release|Any CPU.ActiveCfg = Release|Any CPU
		{6655C638-5F4C-9FB9-FA6C-B931912E9FD6}.Release|Any CPU.Build.0 = Release|Any CPU
		{901571C0-2F90-1A40-C70B-8EF3ADA56F42}.Debug|Any CPU.ActiveCfg = Debug|Any CPU
		{901571C0-2F90-1A40-C70B-8EF3ADA56F42}.Debug|Any CPU.Build.0 = Debug|Any CPU
		{901571C0-2F90-1A40-C70B-8EF3ADA56F42}.Release|Any CPU.ActiveCfg = Release|Any CPU
		{901571C0-2F90-1A40-C70B-8EF3ADA56F42}.Release|Any CPU.Build.0 = Release|Any CPU
		{16DB8341-6264-98A1-0ABA-4D61BEEBDBE7}.Debug|Any CPU.ActiveCfg = Debug|Any CPU
		{16DB8341-6264-98A1-0ABA-4D61BEEBDBE7}.Debug|Any CPU.Build.0 = Debug|Any CPU
		{16DB8341-6264-98A1-0ABA-4D61BEEBDBE7}.Release|Any CPU.ActiveCfg = Release|Any CPU
		{16DB8341-6264-98A1-0ABA-4D61BEEBDBE7}.Release|Any CPU.Build.0 = Release|Any CPU
		{F8363DD9-02DA-0766-FC85-8FD3EE575B22}.Debug|Any CPU.ActiveCfg = Debug|Any CPU
		{F8363DD9-02DA-0766-FC85-8FD3EE575B22}.Debug|Any CPU.Build.0 = Debug|Any CPU
		{F8363DD9-02DA-0766-FC85-8FD3EE575B22}.Release|Any CPU.ActiveCfg = Release|Any CPU
		{F8363DD9-02DA-0766-FC85-8FD3EE575B22}.Release|Any CPU.Build.0 = Release|Any CPU
		{7B6D729F-14D3-18A8-08C1-FDEB6B605ABE}.Debug|Any CPU.ActiveCfg = Debug|Any CPU
		{7B6D729F-14D3-18A8-08C1-FDEB6B605ABE}.Debug|Any CPU.Build.0 = Debug|Any CPU
		{7B6D729F-14D3-18A8-08C1-FDEB6B605ABE}.Release|Any CPU.ActiveCfg = Release|Any CPU
		{7B6D729F-14D3-18A8-08C1-FDEB6B605ABE}.Release|Any CPU.Build.0 = Release|Any CPU
		{33374E2B-D8C1-A55B-AE9F-8DCE0DD66C3A}.Debug|Any CPU.ActiveCfg = Debug|Any CPU
		{33374E2B-D8C1-A55B-AE9F-8DCE0DD66C3A}.Debug|Any CPU.Build.0 = Debug|Any CPU
		{33374E2B-D8C1-A55B-AE9F-8DCE0DD66C3A}.Release|Any CPU.ActiveCfg = Release|Any CPU
		{33374E2B-D8C1-A55B-AE9F-8DCE0DD66C3A}.Release|Any CPU.Build.0 = Release|Any CPU
		{E3CBADCA-9A62-D173-B9CD-3A7BFC788D60}.Debug|Any CPU.ActiveCfg = Debug|Any CPU
		{E3CBADCA-9A62-D173-B9CD-3A7BFC788D60}.Debug|Any CPU.Build.0 = Debug|Any CPU
		{E3CBADCA-9A62-D173-B9CD-3A7BFC788D60}.Release|Any CPU.ActiveCfg = Release|Any CPU
		{E3CBADCA-9A62-D173-B9CD-3A7BFC788D60}.Release|Any CPU.Build.0 = Release|Any CPU
		{A6B7BAAF-FE73-3E73-B8DF-E352CB43FE74}.Debug|Any CPU.ActiveCfg = Debug|Any CPU
		{A6B7BAAF-FE73-3E73-B8DF-E352CB43FE74}.Debug|Any CPU.Build.0 = Debug|Any CPU
		{A6B7BAAF-FE73-3E73-B8DF-E352CB43FE74}.Release|Any CPU.ActiveCfg = Release|Any CPU
		{A6B7BAAF-FE73-3E73-B8DF-E352CB43FE74}.Release|Any CPU.Build.0 = Release|Any CPU
	EndGlobalSection
	GlobalSection(SolutionProperties) = preSolution
		HideSolutionNode = FALSE
	EndGlobalSection
EndGlobal
